
Microsoft Visual Studio Solution File, Format Version 12.00
# Visual Studio Version 17
VisualStudioVersion = 17.0.31903.59
MinimumVisualStudioVersion = 10.0.40219.1
Project("{FAE04EC0-301F-11D3-BF4B-00C04F79EFBC}") = "SignalClient", "SignalClient\SignalClient.csproj", "{28A97739-B6D9-4345-8C9E-5A1FF8C5A5B0}"
EndProject
Project("{FAE04EC0-301F-11D3-BF4B-00C04F79EFBC}") = "SignalClient.Tests", "SignalClient.Tests\SignalClient.Tests.csproj", "{69652C6C-92FF-4FE7-846D-EB332AC3EC58}"
EndProject
Global
	GlobalSection(SolutionConfigurationPlatforms) = preSolution
		Debug|Any CPU = Debug|Any CPU
		Release|Any CPU = Release|Any CPU
	EndGlobalSection
	GlobalSection(SolutionProperties) = preSolution
		HideSolutionNode = FALSE
	EndGlobalSection
	GlobalSection(ProjectConfigurationPlatforms) = postSolution
		{28A97739-B6D9-4345-8C9E-5A1FF8C5A5B0}.Debug|Any CPU.ActiveCfg = Debug|Any CPU
		{28A97739-B6D9-4345-8C9E-5A1FF8C5A5B0}.Debug|Any CPU.Build.0 = Debug|Any CPU
		{28A97739-B6D9-4345-8C9E-5A1FF8C5A5B0}.Release|Any CPU.ActiveCfg = Release|Any CPU
		{28A97739-B6D9-4345-8C9E-5A1FF8C5A5B0}.Release|Any CPU.Build.0 = Release|Any CPU
		{69652C6C-92FF-4FE7-846D-EB332AC3EC58}.Debug|Any CPU.ActiveCfg = Debug|Any CPU
		{69652C6C-92FF-4FE7-846D-EB332AC3EC58}.Debug|Any CPU.Build.0 = Debug|Any CPU
		{69652C6C-92FF-4FE7-846D-EB332AC3EC58}.Release|Any CPU.ActiveCfg = Release|Any CPU
		{69652C6C-92FF-4FE7-846D-EB332AC3EC58}.Release|Any CPU.Build.0 = Release|Any CPU
	EndGlobalSection
EndGlobal
